{
  "name": "a-library",
  "version": "1.0.0",
  "lockfileVersion": 2,
  "requires": true,
  "packages": {
    "": {
      "name": "a-library",
      "version": "1.0.0",
      "license": "ISC",
      "devDependencies": {
        "typescript": "^4.7.0-dev.20220415"
      }
    },
    "node_modules/typescript": {
      "version": "4.7.0-dev.20220415",
      "resolved": "https://registry.npmjs.org/typescript/-/typescript-4.7.0-dev.20220415.tgz",
      "integrity": "sha512-z29SdimqisA560ODjUyM7ZYj5behBCzge6HmGBzkVr6zia28HTFeZORehCr37e8Hw1IlsULE4uz5oPwuck8h5Q==",
      "dev": true,
      "bin": {
        "tsc": "bin/tsc",
        "tsserver": "bin/tsserver"
      },
      "engines": {
        "node": ">=4.2.0"
      }
    }
  },
  "dependencies": {
    "typescript": {
      "version": "4.7.0-dev.20220415",
      "resolved": "https://registry.npmjs.org/typescript/-/typescript-4.7.0-dev.20220415.tgz",
      "integrity": "sha512-z29SdimqisA560ODjUyM7ZYj5behBCzge6HmGBzkVr6zia28HTFeZORehCr37e8Hw1IlsULE4uz5oPwuck8h5Q==",
      "dev": true
    }
  }
}
